
Microsoft Visual Studio Solution File, Format Version 12.00
# Visual Studio Version 17
VisualStudioVersion = 17.7.34221.43
MinimumVisualStudioVersion = 10.0.40219.1
Project("{8BC9CEB8-8B4A-11D0-8D11-00A0C91BC942}") = "01_HelloWindow", "01_GettingStarted\01_HelloWindow\01_HelloWindow\01_HelloWindow.vcxproj", "{9EFF49E9-5F18-4AEE-A2EE-03ACC59BAA84}"
EndProject
Project("{2150E333-8FDC-42A3-9474-1A3956D46DE8}") = "01_GettingStarted", "01_GettingStarted", "{3C48042D-9F2C-4771-8CA7-9C7ABA1702C4}"
EndProject
Project("{2150E333-8FDC-42A3-9474-1A3956D46DE8}") = "01_HelloWindow", "01_HelloWindow", "{9DC4C2F3-1DF3-43BA-A346-88909A6C5CCD}"
EndProject
Project("{2150E333-8FDC-42A3-9474-1A3956D46DE8}") = "02_HelloTriangle", "02_HelloTriangle", "{68E0C45C-211E-4225-AF4A-D4014C6CAA74}"
EndProject
Project("{8BC9CEB8-8B4A-11D0-8D11-00A0C91BC942}") = "01_HelloTriangle", "01_GettingStarted\02_HelloTriangle\02_HelloTriangle\02_HelloTriangle.vcxproj", "{DE1EDF5D-C2BF-4D8B-ACDF-2B32CD36C6C8}"
EndProject
Project("{8BC9CEB8-8B4A-11D0-8D11-00A0C91BC942}") = "02_HelloTriangleIndexed", "01_GettingStarted\02_HelloTriangle\02_HelloTriangleIndexed\02_HelloTriangleIndexed.vcxproj", "{85CE5322-4436-4FD8-AEA8-4CE8E5202F62}"
EndProject
Project("{8BC9CEB8-8B4A-11D0-8D11-00A0C91BC942}") = "03_HelloTriangleEx01", "01_GettingStarted\02_HelloTriangle\03_HelloTriangleEx01\03_HelloTriangleEx01.vcxproj", "{4F865986-AB31-4CDD-A5CE-49AEADA6363A}"
EndProject
Project("{8BC9CEB8-8B4A-11D0-8D11-00A0C91BC942}") = "04_HelloTriangleEx02", "01_GettingStarted\02_HelloTriangle\04_HelloTriangleEx02\04_HelloTriangleEx02.vcxproj", "{8C68147C-9EAC-4F04-AB95-EFC7D7576E58}"
EndProject
Project("{8BC9CEB8-8B4A-11D0-8D11-00A0C91BC942}") = "05_HelloTriangleEx03", "01_GettingStarted\02_HelloTriangle\05_HelloTriangleEx03\05_HelloTriangleEx03.vcxproj", "{8A531B0F-FEFA-48BD-A77A-DA19BE5BA8FA}"
EndProject
Project("{2150E333-8FDC-42A3-9474-1A3956D46DE8}") = "03_Shaders", "03_Shaders", "{8D72479A-B83C-4C6B-9E45-9106C3082AD5}"
EndProject
Project("{8BC9CEB8-8B4A-11D0-8D11-00A0C91BC942}") = "01_Shaders", "01_GettingStarted\03_Shaders\01_Shaders\01_Shaders.vcxproj", "{71698F4B-F423-41C4-B732-D375C99EC821}"
EndProject
Project("{8BC9CEB8-8B4A-11D0-8D11-00A0C91BC942}") = "02_ShadersInterpolation", "01_GettingStarted\03_Shaders\02_ShadersInterpolation\02_ShadersInterpolation.vcxproj", "{F551A6CF-3639-4657-A08B-979B16677CE4}"
EndProject
Project("{8BC9CEB8-8B4A-11D0-8D11-00A0C91BC942}") = "04_ShadersEx01", "01_GettingStarted\03_Shaders\04_ShadersEx01\04_ShadersEx01.vcxproj", "{AA9B8472-E404-4924-ABFD-D9FB0014D55E}"
EndProject
Project("{8BC9CEB8-8B4A-11D0-8D11-00A0C91BC942}") = "03_ShadersClass", "01_GettingStarted\03_Shaders\03_ShadersClass\03_ShadersClass.vcxproj", "{76C4B08B-04DE-4EF9-88A9-F8604AEE6E5C}"
EndProject
Project("{8BC9CEB8-8B4A-11D0-8D11-00A0C91BC942}") = "05_ShadersEx02", "01_GettingStarted\03_Shaders\05_ShadersEx02\05_ShadersEx02.vcxproj", "{66C0FB2C-0623-48C0-80E3-D1691ACB23B6}"
EndProject
Project("{8BC9CEB8-8B4A-11D0-8D11-00A0C91BC942}") = "06_ShadersEx03", "01_GettingStarted\03_Shaders\06_ShadersEx03\06_ShadersEx03.vcxproj", "{B8BB442E-3E1B-4502-B69F-A650E31CA1D8}"
EndProject
Project("{2150E333-8FDC-42A3-9474-1A3956D46DE8}") = "04_Textures", "04_Textures", "{125C3D39-6698-4699-A0CD-A857BB831671}"
EndProject
Project("{8BC9CEB8-8B4A-11D0-8D11-00A0C91BC942}") = "01_Textures", "01_GettingStarted\04_Textures\01_Textures\01_Textures.vcxproj", "{D602FB70-427A-4B69-BA5D-B93ECEA64F16}"
EndProject
Project("{8BC9CEB8-8B4A-11D0-8D11-00A0C91BC942}") = "02_TexturesCombined", "01_GettingStarted\04_Textures\02_TexturesCombined\02_TexturesCombined.vcxproj", "{81989E31-23A2-41A4-9EBC-512F756294C3}"
EndProject
Project("{8BC9CEB8-8B4A-11D0-8D11-00A0C91BC942}") = "03_TexturesEx01", "01_GettingStarted\04_Textures\03_TexturesEx01\03_TexturesEx01.vcxproj", "{1621A046-CC39-4CB0-A72C-E22BBADA6675}"
EndProject
Project("{8BC9CEB8-8B4A-11D0-8D11-00A0C91BC942}") = "04_TexturesEx02", "01_GettingStarted\04_Textures\04_TexturesEx02\04_TexturesEx02.vcxproj", "{A9EE83A8-5309-4543-93A1-C265FBB97E25}"
EndProject
Project("{8BC9CEB8-8B4A-11D0-8D11-00A0C91BC942}") = "05_TexturesEx03", "01_GettingStarted\04_Textures\05_TexturesEx03\05_TexturesEx03.vcxproj", "{86BE0183-468C-4981-A23D-700700AEF755}"
EndProject
Project("{8BC9CEB8-8B4A-11D0-8D11-00A0C91BC942}") = "06_TexturesEx04", "01_GettingStarted\04_Textures\06_TexturesEx04\06_TexturesEx04.vcxproj", "{53A01014-AF79-4F3B-848C-D1C9A9AD3219}"
EndProject
Project("{2150E333-8FDC-42A3-9474-1A3956D46DE8}") = "05_Transformations", "05_Transformations", "{55C9A9AA-EE4E-449F-99B9-1AFD0E4F0A3F}"
EndProject
Project("{8BC9CEB8-8B4A-11D0-8D11-00A0C91BC942}") = "01_Transformations", "01_GettingStarted\05_Transformations\01_Transformations\01_Transformations.vcxproj", "{C0946B49-C9E8-4B32-938F-EFA2504080D8}"
EndProject
Project("{8BC9CEB8-8B4A-11D0-8D11-00A0C91BC942}") = "02_TransformationsEx01", "01_GettingStarted\05_Transformations\02_TransformationsEx01\02_TransformationsEx01.vcxproj", "{A93F4415-2A5C-42D4-B348-7A31C87E95FA}"
EndProject
Project("{8BC9CEB8-8B4A-11D0-8D11-00A0C91BC942}") = "03_TransformationsEx02", "01_GettingStarted\05_Transformations\03_TransformationsEx02\03_TransformationsEx02.vcxproj", "{B688421E-03BE-4878-9C7C-0559816A13EF}"
EndProject
Project("{2150E333-8FDC-42A3-9474-1A3956D46DE8}") = "06_CoordinateSystems", "06_CoordinateSystems", "{9331422F-A904-40EB-B4E2-1E2133344F62}"
EndProject
Project("{8BC9CEB8-8B4A-11D0-8D11-00A0C91BC942}") = "01_CoordinateSystems", "01_GettingStarted\06_CoordinateSystems\01_CoordinateSystems\01_CoordinateSystems.vcxproj", "{0E19418D-D2EA-4CF6-823B-1E257BA8F9C7}"
EndProject
Project("{8BC9CEB8-8B4A-11D0-8D11-00A0C91BC942}") = "02_CoordinateSystemsDepth", "01_GettingStarted\06_CoordinateSystems\02_CoordinateSystemsDepth\02_CoordinateSystemsDepth.vcxproj", "{460ABF5E-F85E-4306-841E-3053FC02FCDA}"
EndProject
Project("{8BC9CEB8-8B4A-11D0-8D11-00A0C91BC942}") = "03_CoordinateSystemsMultiple", "01_GettingStarted\06_CoordinateSystems\03_CoordinateSystemsMultiple\03_CoordinateSystemsMultiple.vcxproj", "{F2BEBBBF-799F-4BBD-AAB0-487678A946A3}"
EndProject
Project("{8BC9CEB8-8B4A-11D0-8D11-00A0C91BC942}") = "04_CoordinateSystemsEx01", "01_GettingStarted\06_CoordinateSystems\04_CoordinateSystemsEx01\04_CoordinateSystemsEx01.vcxproj", "{FD644412-33C2-4573-BA22-961A32992C01}"
EndProject
Project("{8BC9CEB8-8B4A-11D0-8D11-00A0C91BC942}") = "05_CoorindateSystemsEx02", "01_GettingStarted\06_CoordinateSystems\05_CoorindateSystemsEx02\05_CoorindateSystemsEx02.vcxproj", "{904996D6-D1F1-480B-A137-05D71D93079C}"
EndProject
Project("{8BC9CEB8-8B4A-11D0-8D11-00A0C91BC942}") = "06_CoordinateSystemsEx03", "01_GettingStarted\06_CoordinateSystems\06_CoordinateSystemsEx03\06_CoordinateSystemsEx03.vcxproj", "{C6B53045-E2BB-4417-9333-E97DFDAC839D}"
EndProject
Project("{2150E333-8FDC-42A3-9474-1A3956D46DE8}") = "07_Camera", "07_Camera", "{A43DAC5D-CEBD-4C13-9C1B-47FB66C9694C}"
EndProject
Project("{8BC9CEB8-8B4A-11D0-8D11-00A0C91BC942}") = "01_Camera", "01_GettingStarted\07_Camera\01_Camera\01_Camera.vcxproj", "{8D953627-7443-40E4-9708-623D29E4587D}"
EndProject
Project("{8BC9CEB8-8B4A-11D0-8D11-00A0C91BC942}") = "02_CameraKeyboard", "01_GettingStarted\07_Camera\02_CameraKeyboard\02_CameraKeyboard.vcxproj", "{CC7A1025-EE57-44E9-8889-80AC9ABDC097}"
EndProject
Project("{8BC9CEB8-8B4A-11D0-8D11-00A0C91BC942}") = "03_CameraMouse", "01_GettingStarted\07_Camera\03_CameraMouse\03_CameraMouse.vcxproj", "{696FB799-F638-4944-9A40-D8FF05382FD0}"
EndProject
Global
	GlobalSection(SolutionConfigurationPlatforms) = preSolution
		Debug|x64 = Debug|x64
		Debug|x86 = Debug|x86
		Release|x64 = Release|x64
		Release|x86 = Release|x86
	EndGlobalSection
	GlobalSection(ProjectConfigurationPlatforms) = postSolution
		{9EFF49E9-5F18-4AEE-A2EE-03ACC59BAA84}.Debug|x64.ActiveCfg = Debug|x64
		{9EFF49E9-5F18-4AEE-A2EE-03ACC59BAA84}.Debug|x64.Build.0 = Debug|x64
		{9EFF49E9-5F18-4AEE-A2EE-03ACC59BAA84}.Debug|x86.ActiveCfg = Debug|Win32
		{9EFF49E9-5F18-4AEE-A2EE-03ACC59BAA84}.Debug|x86.Build.0 = Debug|Win32
		{9EFF49E9-5F18-4AEE-A2EE-03ACC59BAA84}.Release|x64.ActiveCfg = Release|x64
		{9EFF49E9-5F18-4AEE-A2EE-03ACC59BAA84}.Release|x64.Build.0 = Release|x64
		{9EFF49E9-5F18-4AEE-A2EE-03ACC59BAA84}.Release|x86.ActiveCfg = Release|Win32
		{9EFF49E9-5F18-4AEE-A2EE-03ACC59BAA84}.Release|x86.Build.0 = Release|Win32
		{DE1EDF5D-C2BF-4D8B-ACDF-2B32CD36C6C8}.Debug|x64.ActiveCfg = Debug|x64
		{DE1EDF5D-C2BF-4D8B-ACDF-2B32CD36C6C8}.Debug|x64.Build.0 = Debug|x64
		{DE1EDF5D-C2BF-4D8B-ACDF-2B32CD36C6C8}.Debug|x86.ActiveCfg = Debug|Win32
		{DE1EDF5D-C2BF-4D8B-ACDF-2B32CD36C6C8}.Debug|x86.Build.0 = Debug|Win32
		{DE1EDF5D-C2BF-4D8B-ACDF-2B32CD36C6C8}.Release|x64.ActiveCfg = Release|x64
		{DE1EDF5D-C2BF-4D8B-ACDF-2B32CD36C6C8}.Release|x64.Build.0 = Release|x64
		{DE1EDF5D-C2BF-4D8B-ACDF-2B32CD36C6C8}.Release|x86.ActiveCfg = Release|Win32
		{DE1EDF5D-C2BF-4D8B-ACDF-2B32CD36C6C8}.Release|x86.Build.0 = Release|Win32
		{85CE5322-4436-4FD8-AEA8-4CE8E5202F62}.Debug|x64.ActiveCfg = Debug|x64
		{85CE5322-4436-4FD8-AEA8-4CE8E5202F62}.Debug|x64.Build.0 = Debug|x64
		{85CE5322-4436-4FD8-AEA8-4CE8E5202F62}.Debug|x86.ActiveCfg = Debug|Win32
		{85CE5322-4436-4FD8-AEA8-4CE8E5202F62}.Debug|x86.Build.0 = Debug|Win32
		{85CE5322-4436-4FD8-AEA8-4CE8E5202F62}.Release|x64.ActiveCfg = Release|x64
		{85CE5322-4436-4FD8-AEA8-4CE8E5202F62}.Release|x64.Build.0 = Release|x64
		{85CE5322-4436-4FD8-AEA8-4CE8E5202F62}.Release|x86.ActiveCfg = Release|Win32
		{85CE5322-4436-4FD8-AEA8-4CE8E5202F62}.Release|x86.Build.0 = Release|Win32
		{4F865986-AB31-4CDD-A5CE-49AEADA6363A}.Debug|x64.ActiveCfg = Debug|x64
		{4F865986-AB31-4CDD-A5CE-49AEADA6363A}.Debug|x64.Build.0 = Debug|x64
		{4F865986-AB31-4CDD-A5CE-49AEADA6363A}.Debug|x86.ActiveCfg = Debug|Win32
		{4F865986-AB31-4CDD-A5CE-49AEADA6363A}.Debug|x86.Build.0 = Debug|Win32
		{4F865986-AB31-4CDD-A5CE-49AEADA6363A}.Release|x64.ActiveCfg = Release|x64
		{4F865986-AB31-4CDD-A5CE-49AEADA6363A}.Release|x64.Build.0 = Release|x64
		{4F865986-AB31-4CDD-A5CE-49AEADA6363A}.Release|x86.ActiveCfg = Release|Win32
		{4F865986-AB31-4CDD-A5CE-49AEADA6363A}.Release|x86.Build.0 = Release|Win32
		{8C68147C-9EAC-4F04-AB95-EFC7D7576E58}.Debug|x64.ActiveCfg = Debug|x64
		{8C68147C-9EAC-4F04-AB95-EFC7D7576E58}.Debug|x64.Build.0 = Debug|x64
		{8C68147C-9EAC-4F04-AB95-EFC7D7576E58}.Debug|x86.ActiveCfg = Debug|Win32
		{8C68147C-9EAC-4F04-AB95-EFC7D7576E58}.Debug|x86.Build.0 = Debug|Win32
		{8C68147C-9EAC-4F04-AB95-EFC7D7576E58}.Release|x64.ActiveCfg = Release|x64
		{8C68147C-9EAC-4F04-AB95-EFC7D7576E58}.Release|x64.Build.0 = Release|x64
		{8C68147C-9EAC-4F04-AB95-EFC7D7576E58}.Release|x86.ActiveCfg = Release|Win32
		{8C68147C-9EAC-4F04-AB95-EFC7D7576E58}.Release|x86.Build.0 = Release|Win32
		{8A531B0F-FEFA-48BD-A77A-DA19BE5BA8FA}.Debug|x64.ActiveCfg = Debug|x64
		{8A531B0F-FEFA-48BD-A77A-DA19BE5BA8FA}.Debug|x64.Build.0 = Debug|x64
		{8A531B0F-FEFA-48BD-A77A-DA19BE5BA8FA}.Debug|x86.ActiveCfg = Debug|Win32
		{8A531B0F-FEFA-48BD-A77A-DA19BE5BA8FA}.Debug|x86.Build.0 = Debug|Win32
		{8A531B0F-FEFA-48BD-A77A-DA19BE5BA8FA}.Release|x64.ActiveCfg = Release|x64
		{8A531B0F-FEFA-48BD-A77A-DA19BE5BA8FA}.Release|x64.Build.0 = Release|x64
		{8A531B0F-FEFA-48BD-A77A-DA19BE5BA8FA}.Release|x86.ActiveCfg = Release|Win32
		{8A531B0F-FEFA-48BD-A77A-DA19BE5BA8FA}.Release|x86.Build.0 = Release|Win32
		{71698F4B-F423-41C4-B732-D375C99EC821}.Debug|x64.ActiveCfg = Debug|x64
		{71698F4B-F423-41C4-B732-D375C99EC821}.Debug|x64.Build.0 = Debug|x64
		{71698F4B-F423-41C4-B732-D375C99EC821}.Debug|x86.ActiveCfg = Debug|Win32
		{71698F4B-F423-41C4-B732-D375C99EC821}.Debug|x86.Build.0 = Debug|Win32
		{71698F4B-F423-41C4-B732-D375C99EC821}.Release|x64.ActiveCfg = Release|x64
		{71698F4B-F423-41C4-B732-D375C99EC821}.Release|x64.Build.0 = Release|x64
		{71698F4B-F423-41C4-B732-D375C99EC821}.Release|x86.ActiveCfg = Release|Win32
		{71698F4B-F423-41C4-B732-D375C99EC821}.Release|x86.Build.0 = Release|Win32
		{F551A6CF-3639-4657-A08B-979B16677CE4}.Debug|x64.ActiveCfg = Debug|x64
		{F551A6CF-3639-4657-A08B-979B16677CE4}.Debug|x64.Build.0 = Debug|x64
		{F551A6CF-3639-4657-A08B-979B16677CE4}.Debug|x86.ActiveCfg = Debug|Win32
		{F551A6CF-3639-4657-A08B-979B16677CE4}.Debug|x86.Build.0 = Debug|Win32
		{F551A6CF-3639-4657-A08B-979B16677CE4}.Release|x64.ActiveCfg = Release|x64
		{F551A6CF-3639-4657-A08B-979B16677CE4}.Release|x64.Build.0 = Release|x64
		{F551A6CF-3639-4657-A08B-979B16677CE4}.Release|x86.ActiveCfg = Release|Win32
		{F551A6CF-3639-4657-A08B-979B16677CE4}.Release|x86.Build.0 = Release|Win32
		{AA9B8472-E404-4924-ABFD-D9FB0014D55E}.Debug|x64.ActiveCfg = Debug|x64
		{AA9B8472-E404-4924-ABFD-D9FB0014D55E}.Debug|x64.Build.0 = Debug|x64
		{AA9B8472-E404-4924-ABFD-D9FB0014D55E}.Debug|x86.ActiveCfg = Debug|Win32
		{AA9B8472-E404-4924-ABFD-D9FB0014D55E}.Debug|x86.Build.0 = Debug|Win32
		{AA9B8472-E404-4924-ABFD-D9FB0014D55E}.Release|x64.ActiveCfg = Release|x64
		{AA9B8472-E404-4924-ABFD-D9FB0014D55E}.Release|x64.Build.0 = Release|x64
		{AA9B8472-E404-4924-ABFD-D9FB0014D55E}.Release|x86.ActiveCfg = Release|Win32
		{AA9B8472-E404-4924-ABFD-D9FB0014D55E}.Release|x86.Build.0 = Release|Win32
		{76C4B08B-04DE-4EF9-88A9-F8604AEE6E5C}.Debug|x64.ActiveCfg = Debug|x64
		{76C4B08B-04DE-4EF9-88A9-F8604AEE6E5C}.Debug|x64.Build.0 = Debug|x64
		{76C4B08B-04DE-4EF9-88A9-F8604AEE6E5C}.Debug|x86.ActiveCfg = Debug|Win32
		{76C4B08B-04DE-4EF9-88A9-F8604AEE6E5C}.Debug|x86.Build.0 = Debug|Win32
		{76C4B08B-04DE-4EF9-88A9-F8604AEE6E5C}.Release|x64.ActiveCfg = Release|x64
		{76C4B08B-04DE-4EF9-88A9-F8604AEE6E5C}.Release|x64.Build.0 = Release|x64
		{76C4B08B-04DE-4EF9-88A9-F8604AEE6E5C}.Release|x86.ActiveCfg = Release|Win32
		{76C4B08B-04DE-4EF9-88A9-F8604AEE6E5C}.Release|x86.Build.0 = Release|Win32
		{66C0FB2C-0623-48C0-80E3-D1691ACB23B6}.Debug|x64.ActiveCfg = Debug|x64
		{66C0FB2C-0623-48C0-80E3-D1691ACB23B6}.Debug|x64.Build.0 = Debug|x64
		{66C0FB2C-0623-48C0-80E3-D1691ACB23B6}.Debug|x86.ActiveCfg = Debug|Win32
		{66C0FB2C-0623-48C0-80E3-D1691ACB23B6}.Debug|x86.Build.0 = Debug|Win32
		{66C0FB2C-0623-48C0-80E3-D1691ACB23B6}.Release|x64.ActiveCfg = Release|x64
		{66C0FB2C-0623-48C0-80E3-D1691ACB23B6}.Release|x64.Build.0 = Release|x64
		{66C0FB2C-0623-48C0-80E3-D1691ACB23B6}.Release|x86.ActiveCfg = Release|Win32
		{66C0FB2C-0623-48C0-80E3-D1691ACB23B6}.Release|x86.Build.0 = Release|Win32
		{B8BB442E-3E1B-4502-B69F-A650E31CA1D8}.Debug|x64.ActiveCfg = Debug|x64
		{B8BB442E-3E1B-4502-B69F-A650E31CA1D8}.Debug|x64.Build.0 = Debug|x64
		{B8BB442E-3E1B-4502-B69F-A650E31CA1D8}.Debug|x86.ActiveCfg = Debug|Win32
		{B8BB442E-3E1B-4502-B69F-A650E31CA1D8}.Debug|x86.Build.0 = Debug|Win32
		{B8BB442E-3E1B-4502-B69F-A650E31CA1D8}.Release|x64.ActiveCfg = Release|x64
		{B8BB442E-3E1B-4502-B69F-A650E31CA1D8}.Release|x64.Build.0 = Release|x64
		{B8BB442E-3E1B-4502-B69F-A650E31CA1D8}.Release|x86.ActiveCfg = Release|Win32
		{B8BB442E-3E1B-4502-B69F-A650E31CA1D8}.Release|x86.Build.0 = Release|Win32
		{D602FB70-427A-4B69-BA5D-B93ECEA64F16}.Debug|x64.ActiveCfg = Debug|x64
		{D602FB70-427A-4B69-BA5D-B93ECEA64F16}.Debug|x64.Build.0 = Debug|x64
		{D602FB70-427A-4B69-BA5D-B93ECEA64F16}.Debug|x86.ActiveCfg = Debug|Win32
		{D602FB70-427A-4B69-BA5D-B93ECEA64F16}.Debug|x86.Build.0 = Debug|Win32
		{D602FB70-427A-4B69-BA5D-B93ECEA64F16}.Release|x64.ActiveCfg = Release|x64
		{D602FB70-427A-4B69-BA5D-B93ECEA64F16}.Release|x64.Build.0 = Release|x64
		{D602FB70-427A-4B69-BA5D-B93ECEA64F16}.Release|x86.ActiveCfg = Release|Win32
		{D602FB70-427A-4B69-BA5D-B93ECEA64F16}.Release|x86.Build.0 = Release|Win32
		{81989E31-23A2-41A4-9EBC-512F756294C3}.Debug|x64.ActiveCfg = Debug|x64
		{81989E31-23A2-41A4-9EBC-512F756294C3}.Debug|x64.Build.0 = Debug|x64
		{81989E31-23A2-41A4-9EBC-512F756294C3}.Debug|x86.ActiveCfg = Debug|Win32
		{81989E31-23A2-41A4-9EBC-512F756294C3}.Debug|x86.Build.0 = Debug|Win32
		{81989E31-23A2-41A4-9EBC-512F756294C3}.Release|x64.ActiveCfg = Release|x64
		{81989E31-23A2-41A4-9EBC-512F756294C3}.Release|x64.Build.0 = Release|x64
		{81989E31-23A2-41A4-9EBC-512F756294C3}.Release|x86.ActiveCfg = Release|Win32
		{81989E31-23A2-41A4-9EBC-512F756294C3}.Release|x86.Build.0 = Release|Win32
		{1621A046-CC39-4CB0-A72C-E22BBADA6675}.Debug|x64.ActiveCfg = Debug|x64
		{1621A046-CC39-4CB0-A72C-E22BBADA6675}.Debug|x64.Build.0 = Debug|x64
		{1621A046-CC39-4CB0-A72C-E22BBADA6675}.Debug|x86.ActiveCfg = Debug|Win32
		{1621A046-CC39-4CB0-A72C-E22BBADA6675}.Debug|x86.Build.0 = Debug|Win32
		{1621A046-CC39-4CB0-A72C-E22BBADA6675}.Release|x64.ActiveCfg = Release|x64
		{1621A046-CC39-4CB0-A72C-E22BBADA6675}.Release|x64.Build.0 = Release|x64
		{1621A046-CC39-4CB0-A72C-E22BBADA6675}.Release|x86.ActiveCfg = Release|Win32
		{1621A046-CC39-4CB0-A72C-E22BBADA6675}.Release|x86.Build.0 = Release|Win32
		{A9EE83A8-5309-4543-93A1-C265FBB97E25}.Debug|x64.ActiveCfg = Debug|x64
		{A9EE83A8-5309-4543-93A1-C265FBB97E25}.Debug|x64.Build.0 = Debug|x64
		{A9EE83A8-5309-4543-93A1-C265FBB97E25}.Debug|x86.ActiveCfg = Debug|Win32
		{A9EE83A8-5309-4543-93A1-C265FBB97E25}.Debug|x86.Build.0 = Debug|Win32
		{A9EE83A8-5309-4543-93A1-C265FBB97E25}.Release|x64.ActiveCfg = Release|x64
		{A9EE83A8-5309-4543-93A1-C265FBB97E25}.Release|x64.Build.0 = Release|x64
		{A9EE83A8-5309-4543-93A1-C265FBB97E25}.Release|x86.ActiveCfg = Release|Win32
		{A9EE83A8-5309-4543-93A1-C265FBB97E25}.Release|x86.Build.0 = Release|Win32
		{86BE0183-468C-4981-A23D-700700AEF755}.Debug|x64.ActiveCfg = Debug|x64
		{86BE0183-468C-4981-A23D-700700AEF755}.Debug|x64.Build.0 = Debug|x64
		{86BE0183-468C-4981-A23D-700700AEF755}.Debug|x86.ActiveCfg = Debug|Win32
		{86BE0183-468C-4981-A23D-700700AEF755}.Debug|x86.Build.0 = Debug|Win32
		{86BE0183-468C-4981-A23D-700700AEF755}.Release|x64.ActiveCfg = Release|x64
		{86BE0183-468C-4981-A23D-700700AEF755}.Release|x64.Build.0 = Release|x64
		{86BE0183-468C-4981-A23D-700700AEF755}.Release|x86.ActiveCfg = Release|Win32
		{86BE0183-468C-4981-A23D-700700AEF755}.Release|x86.Build.0 = Release|Win32
		{53A01014-AF79-4F3B-848C-D1C9A9AD3219}.Debug|x64.ActiveCfg = Debug|x64
		{53A01014-AF79-4F3B-848C-D1C9A9AD3219}.Debug|x64.Build.0 = Debug|x64
		{53A01014-AF79-4F3B-848C-D1C9A9AD3219}.Debug|x86.ActiveCfg = Debug|Win32
		{53A01014-AF79-4F3B-848C-D1C9A9AD3219}.Debug|x86.Build.0 = Debug|Win32
		{53A01014-AF79-4F3B-848C-D1C9A9AD3219}.Release|x64.ActiveCfg = Release|x64
		{53A01014-AF79-4F3B-848C-D1C9A9AD3219}.Release|x64.Build.0 = Release|x64
		{53A01014-AF79-4F3B-848C-D1C9A9AD3219}.Release|x86.ActiveCfg = Release|Win32
		{53A01014-AF79-4F3B-848C-D1C9A9AD3219}.Release|x86.Build.0 = Release|Win32
		{C0946B49-C9E8-4B32-938F-EFA2504080D8}.Debug|x64.ActiveCfg = Debug|x64
		{C0946B49-C9E8-4B32-938F-EFA2504080D8}.Debug|x64.Build.0 = Debug|x64
		{C0946B49-C9E8-4B32-938F-EFA2504080D8}.Debug|x86.ActiveCfg = Debug|Win32
		{C0946B49-C9E8-4B32-938F-EFA2504080D8}.Debug|x86.Build.0 = Debug|Win32
		{C0946B49-C9E8-4B32-938F-EFA2504080D8}.Release|x64.ActiveCfg = Release|x64
		{C0946B49-C9E8-4B32-938F-EFA2504080D8}.Release|x64.Build.0 = Release|x64
		{C0946B49-C9E8-4B32-938F-EFA2504080D8}.Release|x86.ActiveCfg = Release|Win32
		{C0946B49-C9E8-4B32-938F-EFA2504080D8}.Release|x86.Build.0 = Release|Win32
		{A93F4415-2A5C-42D4-B348-7A31C87E95FA}.Debug|x64.ActiveCfg = Debug|x64
		{A93F4415-2A5C-42D4-B348-7A31C87E95FA}.Debug|x64.Build.0 = Debug|x64
		{A93F4415-2A5C-42D4-B348-7A31C87E95FA}.Debug|x86.ActiveCfg = Debug|Win32
		{A93F4415-2A5C-42D4-B348-7A31C87E95FA}.Debug|x86.Build.0 = Debug|Win32
		{A93F4415-2A5C-42D4-B348-7A31C87E95FA}.Release|x64.ActiveCfg = Release|x64
		{A93F4415-2A5C-42D4-B348-7A31C87E95FA}.Release|x64.Build.0 = Release|x64
		{A93F4415-2A5C-42D4-B348-7A31C87E95FA}.Release|x86.ActiveCfg = Release|Win32
		{A93F4415-2A5C-42D4-B348-7A31C87E95FA}.Release|x86.Build.0 = Release|Win32
		{B688421E-03BE-4878-9C7C-0559816A13EF}.Debug|x64.ActiveCfg = Debug|x64
		{B688421E-03BE-4878-9C7C-0559816A13EF}.Debug|x64.Build.0 = Debug|x64
		{B688421E-03BE-4878-9C7C-0559816A13EF}.Debug|x86.ActiveCfg = Debug|Win32
		{B688421E-03BE-4878-9C7C-0559816A13EF}.Debug|x86.Build.0 = Debug|Win32
		{B688421E-03BE-4878-9C7C-0559816A13EF}.Release|x64.ActiveCfg = Release|x64
		{B688421E-03BE-4878-9C7C-0559816A13EF}.Release|x64.Build.0 = Release|x64
		{B688421E-03BE-4878-9C7C-0559816A13EF}.Release|x86.ActiveCfg = Release|Win32
		{B688421E-03BE-4878-9C7C-0559816A13EF}.Release|x86.Build.0 = Release|Win32
		{0E19418D-D2EA-4CF6-823B-1E257BA8F9C7}.Debug|x64.ActiveCfg = Debug|x64
		{0E19418D-D2EA-4CF6-823B-1E257BA8F9C7}.Debug|x64.Build.0 = Debug|x64
		{0E19418D-D2EA-4CF6-823B-1E257BA8F9C7}.Debug|x86.ActiveCfg = Debug|Win32
		{0E19418D-D2EA-4CF6-823B-1E257BA8F9C7}.Debug|x86.Build.0 = Debug|Win32
		{0E19418D-D2EA-4CF6-823B-1E257BA8F9C7}.Release|x64.ActiveCfg = Release|x64
		{0E19418D-D2EA-4CF6-823B-1E257BA8F9C7}.Release|x64.Build.0 = Release|x64
		{0E19418D-D2EA-4CF6-823B-1E257BA8F9C7}.Release|x86.ActiveCfg = Release|Win32
		{0E19418D-D2EA-4CF6-823B-1E257BA8F9C7}.Release|x86.Build.0 = Release|Win32
		{460ABF5E-F85E-4306-841E-3053FC02FCDA}.Debug|x64.ActiveCfg = Debug|x64
		{460ABF5E-F85E-4306-841E-3053FC02FCDA}.Debug|x64.Build.0 = Debug|x64
		{460ABF5E-F85E-4306-841E-3053FC02FCDA}.Debug|x86.ActiveCfg = Debug|Win32
		{460ABF5E-F85E-4306-841E-3053FC02FCDA}.Debug|x86.Build.0 = Debug|Win32
		{460ABF5E-F85E-4306-841E-3053FC02FCDA}.Release|x64.ActiveCfg = Release|x64
		{460ABF5E-F85E-4306-841E-3053FC02FCDA}.Release|x64.Build.0 = Release|x64
		{460ABF5E-F85E-4306-841E-3053FC02FCDA}.Release|x86.ActiveCfg = Release|Win32
		{460ABF5E-F85E-4306-841E-3053FC02FCDA}.Release|x86.Build.0 = Release|Win32
		{F2BEBBBF-799F-4BBD-AAB0-487678A946A3}.Debug|x64.ActiveCfg = Debug|x64
		{F2BEBBBF-799F-4BBD-AAB0-487678A946A3}.Debug|x64.Build.0 = Debug|x64
		{F2BEBBBF-799F-4BBD-AAB0-487678A946A3}.Debug|x86.ActiveCfg = Debug|Win32
		{F2BEBBBF-799F-4BBD-AAB0-487678A946A3}.Debug|x86.Build.0 = Debug|Win32
		{F2BEBBBF-799F-4BBD-AAB0-487678A946A3}.Release|x64.ActiveCfg = Release|x64
		{F2BEBBBF-799F-4BBD-AAB0-487678A946A3}.Release|x64.Build.0 = Release|x64
		{F2BEBBBF-799F-4BBD-AAB0-487678A946A3}.Release|x86.ActiveCfg = Release|Win32
		{F2BEBBBF-799F-4BBD-AAB0-487678A946A3}.Release|x86.Build.0 = Release|Win32
		{FD644412-33C2-4573-BA22-961A32992C01}.Debug|x64.ActiveCfg = Debug|x64
		{FD644412-33C2-4573-BA22-961A32992C01}.Debug|x64.Build.0 = Debug|x64
		{FD644412-33C2-4573-BA22-961A32992C01}.Debug|x86.ActiveCfg = Debug|Win32
		{FD644412-33C2-4573-BA22-961A32992C01}.Debug|x86.Build.0 = Debug|Win32
		{FD644412-33C2-4573-BA22-961A32992C01}.Release|x64.ActiveCfg = Release|x64
		{FD644412-33C2-4573-BA22-961A32992C01}.Release|x64.Build.0 = Release|x64
		{FD644412-33C2-4573-BA22-961A32992C01}.Release|x86.ActiveCfg = Release|Win32
		{FD644412-33C2-4573-BA22-961A32992C01}.Release|x86.Build.0 = Release|Win32
		{904996D6-D1F1-480B-A137-05D71D93079C}.Debug|x64.ActiveCfg = Debug|x64
		{904996D6-D1F1-480B-A137-05D71D93079C}.Debug|x64.Build.0 = Debug|x64
		{904996D6-D1F1-480B-A137-05D71D93079C}.Debug|x86.ActiveCfg = Debug|Win32
		{904996D6-D1F1-480B-A137-05D71D93079C}.Debug|x86.Build.0 = Debug|Win32
		{904996D6-D1F1-480B-A137-05D71D93079C}.Release|x64.ActiveCfg = Release|x64
		{904996D6-D1F1-480B-A137-05D71D93079C}.Release|x64.Build.0 = Release|x64
		{904996D6-D1F1-480B-A137-05D71D93079C}.Release|x86.ActiveCfg = Release|Win32
		{904996D6-D1F1-480B-A137-05D71D93079C}.Release|x86.Build.0 = Release|Win32
		{C6B53045-E2BB-4417-9333-E97DFDAC839D}.Debug|x64.ActiveCfg = Debug|x64
		{C6B53045-E2BB-4417-9333-E97DFDAC839D}.Debug|x64.Build.0 = Debug|x64
		{C6B53045-E2BB-4417-9333-E97DFDAC839D}.Debug|x86.ActiveCfg = Debug|Win32
		{C6B53045-E2BB-4417-9333-E97DFDAC839D}.Debug|x86.Build.0 = Debug|Win32
		{C6B53045-E2BB-4417-9333-E97DFDAC839D}.Release|x64.ActiveCfg = Release|x64
		{C6B53045-E2BB-4417-9333-E97DFDAC839D}.Release|x64.Build.0 = Release|x64
		{C6B53045-E2BB-4417-9333-E97DFDAC839D}.Release|x86.ActiveCfg = Release|Win32
		{C6B53045-E2BB-4417-9333-E97DFDAC839D}.Release|x86.Build.0 = Release|Win32
		{8D953627-7443-40E4-9708-623D29E4587D}.Debug|x64.ActiveCfg = Debug|x64
		{8D953627-7443-40E4-9708-623D29E4587D}.Debug|x64.Build.0 = Debug|x64
		{8D953627-7443-40E4-9708-623D29E4587D}.Debug|x86.ActiveCfg = Debug|Win32
		{8D953627-7443-40E4-9708-623D29E4587D}.Debug|x86.Build.0 = Debug|Win32
		{8D953627-7443-40E4-9708-623D29E4587D}.Release|x64.ActiveCfg = Release|x64
		{8D953627-7443-40E4-9708-623D29E4587D}.Release|x64.Build.0 = Release|x64
		{8D953627-7443-40E4-9708-623D29E4587D}.Release|x86.ActiveCfg = Release|Win32
		{8D953627-7443-40E4-9708-623D29E4587D}.Release|x86.Build.0 = Release|Win32
		{CC7A1025-EE57-44E9-8889-80AC9ABDC097}.Debug|x64.ActiveCfg = Debug|x64
		{CC7A1025-EE57-44E9-8889-80AC9ABDC097}.Debug|x64.Build.0 = Debug|x64
		{CC7A1025-EE57-44E9-8889-80AC9ABDC097}.Debug|x86.ActiveCfg = Debug|Win32
		{CC7A1025-EE57-44E9-8889-80AC9ABDC097}.Debug|x86.Build.0 = Debug|Win32
		{CC7A1025-EE57-44E9-8889-80AC9ABDC097}.Release|x64.ActiveCfg = Release|x64
		{CC7A1025-EE57-44E9-8889-80AC9ABDC097}.Release|x64.Build.0 = Release|x64
		{CC7A1025-EE57-44E9-8889-80AC9ABDC097}.Release|x86.ActiveCfg = Release|Win32
		{CC7A1025-EE57-44E9-8889-80AC9ABDC097}.Release|x86.Build.0 = Release|Win32
		{696FB799-F638-4944-9A40-D8FF05382FD0}.Debug|x64.ActiveCfg = Debug|x64
		{696FB799-F638-4944-9A40-D8FF05382FD0}.Debug|x64.Build.0 = Debug|x64
		{696FB799-F638-4944-9A40-D8FF05382FD0}.Debug|x86.ActiveCfg = Debug|Win32
		{696FB799-F638-4944-9A40-D8FF05382FD0}.Debug|x86.Build.0 = Debug|Win32
		{696FB799-F638-4944-9A40-D8FF05382FD0}.Release|x64.ActiveCfg = Release|x64
		{696FB799-F638-4944-9A40-D8FF05382FD0}.Release|x64.Build.0 = Release|x64
		{696FB799-F638-4944-9A40-D8FF05382FD0}.Release|x86.ActiveCfg = Release|Win32
		{696FB799-F638-4944-9A40-D8FF05382FD0}.Release|x86.Build.0 = Release|Win32
	EndGlobalSection
	GlobalSection(SolutionProperties) = preSolution
		HideSolutionNode = FALSE
	EndGlobalSection
	GlobalSection(NestedProjects) = preSolution
		{9EFF49E9-5F18-4AEE-A2EE-03ACC59BAA84} = {9DC4C2F3-1DF3-43BA-A346-88909A6C5CCD}
		{9DC4C2F3-1DF3-43BA-A346-88909A6C5CCD} = {3C48042D-9F2C-4771-8CA7-9C7ABA1702C4}
		{68E0C45C-211E-4225-AF4A-D4014C6CAA74} = {3C48042D-9F2C-4771-8CA7-9C7ABA1702C4}
		{DE1EDF5D-C2BF-4D8B-ACDF-2B32CD36C6C8} = {68E0C45C-211E-4225-AF4A-D4014C6CAA74}
		{85CE5322-4436-4FD8-AEA8-4CE8E5202F62} = {68E0C45C-211E-4225-AF4A-D4014C6CAA74}
		{4F865986-AB31-4CDD-A5CE-49AEADA6363A} = {68E0C45C-211E-4225-AF4A-D4014C6CAA74}
		{8C68147C-9EAC-4F04-AB95-EFC7D7576E58} = {68E0C45C-211E-4225-AF4A-D4014C6CAA74}
		{8A531B0F-FEFA-48BD-A77A-DA19BE5BA8FA} = {68E0C45C-211E-4225-AF4A-D4014C6CAA74}
		{8D72479A-B83C-4C6B-9E45-9106C3082AD5} = {3C48042D-9F2C-4771-8CA7-9C7ABA1702C4}
		{71698F4B-F423-41C4-B732-D375C99EC821} = {8D72479A-B83C-4C6B-9E45-9106C3082AD5}
		{F551A6CF-3639-4657-A08B-979B16677CE4} = {8D72479A-B83C-4C6B-9E45-9106C3082AD5}
		{AA9B8472-E404-4924-ABFD-D9FB0014D55E} = {8D72479A-B83C-4C6B-9E45-9106C3082AD5}
		{76C4B08B-04DE-4EF9-88A9-F8604AEE6E5C} = {8D72479A-B83C-4C6B-9E45-9106C3082AD5}
		{66C0FB2C-0623-48C0-80E3-D1691ACB23B6} = {8D72479A-B83C-4C6B-9E45-9106C3082AD5}
		{B8BB442E-3E1B-4502-B69F-A650E31CA1D8} = {8D72479A-B83C-4C6B-9E45-9106C3082AD5}
		{125C3D39-6698-4699-A0CD-A857BB831671} = {3C48042D-9F2C-4771-8CA7-9C7ABA1702C4}
		{D602FB70-427A-4B69-BA5D-B93ECEA64F16} = {125C3D39-6698-4699-A0CD-A857BB831671}
		{81989E31-23A2-41A4-9EBC-512F756294C3} = {125C3D39-6698-4699-A0CD-A857BB831671}
		{1621A046-CC39-4CB0-A72C-E22BBADA6675} = {125C3D39-6698-4699-A0CD-A857BB831671}
		{A9EE83A8-5309-4543-93A1-C265FBB97E25} = {125C3D39-6698-4699-A0CD-A857BB831671}
		{86BE0183-468C-4981-A23D-700700AEF755} = {125C3D39-6698-4699-A0CD-A857BB831671}
		{53A01014-AF79-4F3B-848C-D1C9A9AD3219} = {125C3D39-6698-4699-A0CD-A857BB831671}
		{55C9A9AA-EE4E-449F-99B9-1AFD0E4F0A3F} = {3C48042D-9F2C-4771-8CA7-9C7ABA1702C4}
		{C0946B49-C9E8-4B32-938F-EFA2504080D8} = {55C9A9AA-EE4E-449F-99B9-1AFD0E4F0A3F}
		{A93F4415-2A5C-42D4-B348-7A31C87E95FA} = {55C9A9AA-EE4E-449F-99B9-1AFD0E4F0A3F}
		{B688421E-03BE-4878-9C7C-0559816A13EF} = {55C9A9AA-EE4E-449F-99B9-1AFD0E4F0A3F}
		{9331422F-A904-40EB-B4E2-1E2133344F62} = {3C48042D-9F2C-4771-8CA7-9C7ABA1702C4}
		{0E19418D-D2EA-4CF6-823B-1E257BA8F9C7} = {9331422F-A904-40EB-B4E2-1E2133344F62}
		{460ABF5E-F85E-4306-841E-3053FC02FCDA} = {9331422F-A904-40EB-B4E2-1E2133344F62}
		{F2BEBBBF-799F-4BBD-AAB0-487678A946A3} = {9331422F-A904-40EB-B4E2-1E2133344F62}
		{FD644412-33C2-4573-BA22-961A32992C01} = {9331422F-A904-40EB-B4E2-1E2133344F62}
		{904996D6-D1F1-480B-A137-05D71D93079C} = {9331422F-A904-40EB-B4E2-1E2133344F62}
		{C6B53045-E2BB-4417-9333-E97DFDAC839D} = {9331422F-A904-40EB-B4E2-1E2133344F62}
		{A43DAC5D-CEBD-4C13-9C1B-47FB66C9694C} = {3C48042D-9F2C-4771-8CA7-9C7ABA1702C4}
		{8D953627-7443-40E4-9708-623D29E4587D} = {A43DAC5D-CEBD-4C13-9C1B-47FB66C9694C}
		{CC7A1025-EE57-44E9-8889-80AC9ABDC097} = {A43DAC5D-CEBD-4C13-9C1B-47FB66C9694C}
		{696FB799-F638-4944-9A40-D8FF05382FD0} = {A43DAC5D-CEBD-4C13-9C1B-47FB66C9694C}
	EndGlobalSection
	GlobalSection(ExtensibilityGlobals) = postSolution
		SolutionGuid = {B367018E-1C93-49D3-A528-8607ACA84EB0}
	EndGlobalSection
EndGlobal
